// !$*UTF8*$!
{
	archiveVersion = 1;
	classes = {
	};
	objectVersion = 56;
	objects = {

/* Begin PBXBuildFile section */
		6511CA3F2B075B0A00D625FA /* AppDelegate.swift in Sources */ = {isa = PBXBuildFile; fileRef = 6511CA3E2B075B0A00D625FA /* AppDelegate.swift */; };
		6511CA412B075B0A00D625FA /* SceneDelegate.swift in Sources */ = {isa = PBXBuildFile; fileRef = 6511CA402B075B0A00D625FA /* SceneDelegate.swift */; };
		6511CA492B075B0A00D625FA /* Camera.xcdatamodeld in Sources */ = {isa = PBXBuildFile; fileRef = 6511CA472B075B0A00D625FA /* Camera.xcdatamodeld */; };
		6511CA4B2B075B0C00D625FA /* Assets.xcassets in Resources */ = {isa = PBXBuildFile; fileRef = 6511CA4A2B075B0C00D625FA /* Assets.xcassets */; };
		6511CA4E2B075B0C00D625FA /* LaunchScreen.storyboard in Resources */ = {isa = PBXBuildFile; fileRef = 6511CA4C2B075B0C00D625FA /* LaunchScreen.storyboard */; };
		6511CA632B075DC300D625FA /* DataServices.swift in Sources */ = {isa = PBXBuildFile; fileRef = 6511CA572B075DC300D625FA /* DataServices.swift */; };
		6511CA642B075DC300D625FA /* DataRequestFactory.swift in Sources */ = {isa = PBXBuildFile; fileRef = 6511CA582B075DC300D625FA /* DataRequestFactory.swift */; };
		6511CA662B075DC300D625FA /* _exampleRequest.swift in Sources */ = {isa = PBXBuildFile; fileRef = 6511CA5B2B075DC300D625FA /* _exampleRequest.swift */; };
		6511CA6C2B075DC300D625FA /* DataRequest.swift in Sources */ = {isa = PBXBuildFile; fileRef = 6511CA612B075DC300D625FA /* DataRequest.swift */; };
		6511CA6F2B075EB100D625FA /* DataServiceError.swift in Sources */ = {isa = PBXBuildFile; fileRef = 6511CA6E2B075EB100D625FA /* DataServiceError.swift */; };
		6511CA722B075F2E00D625FA /* Logger.swift in Sources */ = {isa = PBXBuildFile; fileRef = 6511CA712B075F2E00D625FA /* Logger.swift */; };
		6511CA742B075F3D00D625FA /* GlobalConfiguration.swift in Sources */ = {isa = PBXBuildFile; fileRef = 6511CA732B075F3D00D625FA /* GlobalConfiguration.swift */; };
		6511CA772B0762EA00D625FA /* NetworkService.swift in Sources */ = {isa = PBXBuildFile; fileRef = 6511CA762B0762EA00D625FA /* NetworkService.swift */; };
		6511CA7B2B077AD100D625FA /* VideoListViewController.swift in Sources */ = {isa = PBXBuildFile; fileRef = 6511CA7A2B077AD100D625FA /* VideoListViewController.swift */; };
		6511CA7D2B077AE000D625FA /* VideoListAssembler.swift in Sources */ = {isa = PBXBuildFile; fileRef = 6511CA7C2B077AE000D625FA /* VideoListAssembler.swift */; };
		6511CA7F2B077B0500D625FA /* Common.swift in Sources */ = {isa = PBXBuildFile; fileRef = 6511CA7E2B077B0500D625FA /* Common.swift */; };
		6511CA812B077B7C00D625FA /* VideoListPresenter.swift in Sources */ = {isa = PBXBuildFile; fileRef = 6511CA802B077B7C00D625FA /* VideoListPresenter.swift */; };
		6511CA832B077B8D00D625FA /* VideoListInteractor.swift in Sources */ = {isa = PBXBuildFile; fileRef = 6511CA822B077B8D00D625FA /* VideoListInteractor.swift */; };
		6511CA852B077B9C00D625FA /* VideoListRouter.swift in Sources */ = {isa = PBXBuildFile; fileRef = 6511CA842B077B9C00D625FA /* VideoListRouter.swift */; };
		65663AF52B21F9460003BDE2 /* MakeVideoAssembler.swift in Sources */ = {isa = PBXBuildFile; fileRef = 65663AF42B21F9460003BDE2 /* MakeVideoAssembler.swift */; };
		65663AF72B21F9710003BDE2 /* MakeVideoViewController.swift in Sources */ = {isa = PBXBuildFile; fileRef = 65663AF62B21F9710003BDE2 /* MakeVideoViewController.swift */; };
		65663AF92B21F97C0003BDE2 /* MakeVideoPresenter.swift in Sources */ = {isa = PBXBuildFile; fileRef = 65663AF82B21F97C0003BDE2 /* MakeVideoPresenter.swift */; };
		65663AFB2B21F9860003BDE2 /* MakeVideoInteractor.swift in Sources */ = {isa = PBXBuildFile; fileRef = 65663AFA2B21F9860003BDE2 /* MakeVideoInteractor.swift */; };
		65663AFF2B21FAAF0003BDE2 /* DIContainer.swift in Sources */ = {isa = PBXBuildFile; fileRef = 65663AFE2B21FAAF0003BDE2 /* DIContainer.swift */; };
		65663B012B2201830003BDE2 /* MakeVideoRouter.swift in Sources */ = {isa = PBXBuildFile; fileRef = 65663B002B2201830003BDE2 /* MakeVideoRouter.swift */; };
		65663B042B2203E00003BDE2 /* CameraService.swift in Sources */ = {isa = PBXBuildFile; fileRef = 65663B032B2203E00003BDE2 /* CameraService.swift */; };
		65663B062B23324D0003BDE2 /* ModuleFactory.swift in Sources */ = {isa = PBXBuildFile; fileRef = 65663B052B23324D0003BDE2 /* ModuleFactory.swift */; };
		65663B082B23466C0003BDE2 /* MakeVideoContainer.swift in Sources */ = {isa = PBXBuildFile; fileRef = 65663B072B23466C0003BDE2 /* MakeVideoContainer.swift */; };
		65663B0A2B2346750003BDE2 /* VideoListContainer.swift in Sources */ = {isa = PBXBuildFile; fileRef = 65663B092B2346750003BDE2 /* VideoListContainer.swift */; };
		65EBAF732B289C0E00FAF9CC /* CameraRestrictionLevel.swift in Sources */ = {isa = PBXBuildFile; fileRef = 65EBAF722B289C0E00FAF9CC /* CameraRestrictionLevel.swift */; };
/* End PBXBuildFile section */

/* Begin PBXFileReference section */
		6511CA3B2B075B0A00D625FA /* Camera.app */ = {isa = PBXFileReference; explicitFileType = wrapper.application; includeInIndex = 0; path = Camera.app; sourceTree = BUILT_PRODUCTS_DIR; };
		6511CA3E2B075B0A00D625FA /* AppDelegate.swift */ = {isa = PBXFileReference; lastKnownFileType = sourcecode.swift; path = AppDelegate.swift; sourceTree = "<group>"; };
		6511CA402B075B0A00D625FA /* SceneDelegate.swift */ = {isa = PBXFileReference; lastKnownFileType = sourcecode.swift; path = SceneDelegate.swift; sourceTree = "<group>"; };
		6511CA482B075B0A00D625FA /* Camera.xcdatamodel */ = {isa = PBXFileReference; lastKnownFileType = wrapper.xcdatamodel; path = Camera.xcdatamodel; sourceTree = "<group>"; };
		6511CA4A2B075B0C00D625FA /* Assets.xcassets */ = {isa = PBXFileReference; lastKnownFileType = folder.assetcatalog; path = Assets.xcassets; sourceTree = "<group>"; };
		6511CA4D2B075B0C00D625FA /* Base */ = {isa = PBXFileReference; lastKnownFileType = file.storyboard; name = Base; path = Base.lproj/LaunchScreen.storyboard; sourceTree = "<group>"; };
		6511CA4F2B075B0C00D625FA /* Info.plist */ = {isa = PBXFileReference; lastKnownFileType = text.plist.xml; path = Info.plist; sourceTree = "<group>"; };
		6511CA572B075DC300D625FA /* DataServices.swift */ = {isa = PBXFileReference; fileEncoding = 4; lastKnownFileType = sourcecode.swift; path = DataServices.swift; sourceTree = "<group>"; };
		6511CA582B075DC300D625FA /* DataRequestFactory.swift */ = {isa = PBXFileReference; fileEncoding = 4; lastKnownFileType = sourcecode.swift; path = DataRequestFactory.swift; sourceTree = "<group>"; };
		6511CA5B2B075DC300D625FA /* _exampleRequest.swift */ = {isa = PBXFileReference; fileEncoding = 4; lastKnownFileType = sourcecode.swift; path = _exampleRequest.swift; sourceTree = "<group>"; };
		6511CA612B075DC300D625FA /* DataRequest.swift */ = {isa = PBXFileReference; fileEncoding = 4; lastKnownFileType = sourcecode.swift; path = DataRequest.swift; sourceTree = "<group>"; };
		6511CA6E2B075EB100D625FA /* DataServiceError.swift */ = {isa = PBXFileReference; lastKnownFileType = sourcecode.swift; path = DataServiceError.swift; sourceTree = "<group>"; };
		6511CA712B075F2E00D625FA /* Logger.swift */ = {isa = PBXFileReference; lastKnownFileType = sourcecode.swift; path = Logger.swift; sourceTree = "<group>"; };
		6511CA732B075F3D00D625FA /* GlobalConfiguration.swift */ = {isa = PBXFileReference; lastKnownFileType = sourcecode.swift; path = GlobalConfiguration.swift; sourceTree = "<group>"; };
		6511CA762B0762EA00D625FA /* NetworkService.swift */ = {isa = PBXFileReference; lastKnownFileType = sourcecode.swift; path = NetworkService.swift; sourceTree = "<group>"; };
		6511CA7A2B077AD100D625FA /* VideoListViewController.swift */ = {isa = PBXFileReference; lastKnownFileType = sourcecode.swift; path = VideoListViewController.swift; sourceTree = "<group>"; };
		6511CA7C2B077AE000D625FA /* VideoListAssembler.swift */ = {isa = PBXFileReference; lastKnownFileType = sourcecode.swift; path = VideoListAssembler.swift; sourceTree = "<group>"; };
		6511CA7E2B077B0500D625FA /* Common.swift */ = {isa = PBXFileReference; lastKnownFileType = sourcecode.swift; path = Common.swift; sourceTree = "<group>"; };
		6511CA802B077B7C00D625FA /* VideoListPresenter.swift */ = {isa = PBXFileReference; lastKnownFileType = sourcecode.swift; path = VideoListPresenter.swift; sourceTree = "<group>"; };
		6511CA822B077B8D00D625FA /* VideoListInteractor.swift */ = {isa = PBXFileReference; lastKnownFileType = sourcecode.swift; path = VideoListInteractor.swift; sourceTree = "<group>"; };
		6511CA842B077B9C00D625FA /* VideoListRouter.swift */ = {isa = PBXFileReference; lastKnownFileType = sourcecode.swift; path = VideoListRouter.swift; sourceTree = "<group>"; };
		65663AF42B21F9460003BDE2 /* MakeVideoAssembler.swift */ = {isa = PBXFileReference; lastKnownFileType = sourcecode.swift; path = MakeVideoAssembler.swift; sourceTree = "<group>"; };
		65663AF62B21F9710003BDE2 /* MakeVideoViewController.swift */ = {isa = PBXFileReference; lastKnownFileType = sourcecode.swift; path = MakeVideoViewController.swift; sourceTree = "<group>"; };
		65663AF82B21F97C0003BDE2 /* MakeVideoPresenter.swift */ = {isa = PBXFileReference; lastKnownFileType = sourcecode.swift; path = MakeVideoPresenter.swift; sourceTree = "<group>"; };
		65663AFA2B21F9860003BDE2 /* MakeVideoInteractor.swift */ = {isa = PBXFileReference; lastKnownFileType = sourcecode.swift; path = MakeVideoInteractor.swift; sourceTree = "<group>"; };
		65663AFE2B21FAAF0003BDE2 /* DIContainer.swift */ = {isa = PBXFileReference; lastKnownFileType = sourcecode.swift; path = DIContainer.swift; sourceTree = "<group>"; };
		65663B002B2201830003BDE2 /* MakeVideoRouter.swift */ = {isa = PBXFileReference; lastKnownFileType = sourcecode.swift; path = MakeVideoRouter.swift; sourceTree = "<group>"; };
		65663B032B2203E00003BDE2 /* CameraService.swift */ = {isa = PBXFileReference; lastKnownFileType = sourcecode.swift; path = CameraService.swift; sourceTree = "<group>"; };
		65663B052B23324D0003BDE2 /* ModuleFactory.swift */ = {isa = PBXFileReference; lastKnownFileType = sourcecode.swift; path = ModuleFactory.swift; sourceTree = "<group>"; };
		65663B072B23466C0003BDE2 /* MakeVideoContainer.swift */ = {isa = PBXFileReference; lastKnownFileType = sourcecode.swift; path = MakeVideoContainer.swift; sourceTree = "<group>"; };
		65663B092B2346750003BDE2 /* VideoListContainer.swift */ = {isa = PBXFileReference; lastKnownFileType = sourcecode.swift; path = VideoListContainer.swift; sourceTree = "<group>"; };
		65EBAF722B289C0E00FAF9CC /* CameraRestrictionLevel.swift */ = {isa = PBXFileReference; lastKnownFileType = sourcecode.swift; path = CameraRestrictionLevel.swift; sourceTree = "<group>"; };
/* End PBXFileReference section */

/* Begin PBXFrameworksBuildPhase section */
		6511CA382B075B0A00D625FA /* Frameworks */ = {
			isa = PBXFrameworksBuildPhase;
			buildActionMask = 2147483647;
			files = (
			);
			runOnlyForDeploymentPostprocessing = 0;
		};
/* End PBXFrameworksBuildPhase section */

/* Begin PBXGroup section */
		6511CA322B075B0A00D625FA = {
			isa = PBXGroup;
			children = (
				6511CA3D2B075B0A00D625FA /* Camera */,
				6511CA3C2B075B0A00D625FA /* Products */,
			);
			sourceTree = "<group>";
		};
		6511CA3C2B075B0A00D625FA /* Products */ = {
			isa = PBXGroup;
			children = (
				6511CA3B2B075B0A00D625FA /* Camera.app */,
			);
			name = Products;
			sourceTree = "<group>";
		};
		6511CA3D2B075B0A00D625FA /* Camera */ = {
			isa = PBXGroup;
			children = (
				65EBAF742B289C1A00FAF9CC /* Models */,
				6511CA782B077A5600D625FA /* Modules */,
				6511CA702B075F2600D625FA /* Helpers */,
				6511CA552B075D8700D625FA /* Services */,
				6511CA3E2B075B0A00D625FA /* AppDelegate.swift */,
				6511CA402B075B0A00D625FA /* SceneDelegate.swift */,
				6511CA4A2B075B0C00D625FA /* Assets.xcassets */,
				6511CA4C2B075B0C00D625FA /* LaunchScreen.storyboard */,
				6511CA4F2B075B0C00D625FA /* Info.plist */,
				6511CA472B075B0A00D625FA /* Camera.xcdatamodeld */,
				6511CA732B075F3D00D625FA /* GlobalConfiguration.swift */,
			);
			path = Camera;
			sourceTree = "<group>";
		};
		6511CA552B075D8700D625FA /* Services */ = {
			isa = PBXGroup;
			children = (
				65663B022B2203CF0003BDE2 /* CameraService */,
				6511CA562B075DC300D625FA /* DataService */,
				65663AFE2B21FAAF0003BDE2 /* DIContainer.swift */,
			);
			path = Services;
			sourceTree = "<group>";
		};
		6511CA562B075DC300D625FA /* DataService */ = {
			isa = PBXGroup;
			children = (
				6511CA572B075DC300D625FA /* DataServices.swift */,
				6511CA752B0762D000D625FA /* DataServiceImplementations */,
				6511CA582B075DC300D625FA /* DataRequestFactory.swift */,
				6511CA592B075DC300D625FA /* Requests */,
				6511CA612B075DC300D625FA /* DataRequest.swift */,
				6511CA6E2B075EB100D625FA /* DataServiceError.swift */,
			);
			path = DataService;
			sourceTree = "<group>";
		};
		6511CA592B075DC300D625FA /* Requests */ = {
			isa = PBXGroup;
			children = (
				6511CA5B2B075DC300D625FA /* _exampleRequest.swift */,
			);
			path = Requests;
			sourceTree = "<group>";
		};
		6511CA702B075F2600D625FA /* Helpers */ = {
			isa = PBXGroup;
			children = (
				6511CA712B075F2E00D625FA /* Logger.swift */,
			);
			path = Helpers;
			sourceTree = "<group>";
		};
		6511CA752B0762D000D625FA /* DataServiceImplementations */ = {
			isa = PBXGroup;
			children = (
				6511CA762B0762EA00D625FA /* NetworkService.swift */,
			);
			path = DataServiceImplementations;
			sourceTree = "<group>";
		};
		6511CA782B077A5600D625FA /* Modules */ = {
			isa = PBXGroup;
			children = (
				65663AF32B21F9280003BDE2 /* MakeVideoModule */,
				6511CA792B077A6A00D625FA /* VideoListModule */,
				6511CA7E2B077B0500D625FA /* Common.swift */,
				65663B052B23324D0003BDE2 /* ModuleFactory.swift */,
			);
			path = Modules;
			sourceTree = "<group>";
		};
		6511CA792B077A6A00D625FA /* VideoListModule */ = {
			isa = PBXGroup;
			children = (
				6511CA7C2B077AE000D625FA /* VideoListAssembler.swift */,
				6511CA7A2B077AD100D625FA /* VideoListViewController.swift */,
				6511CA802B077B7C00D625FA /* VideoListPresenter.swift */,
				6511CA822B077B8D00D625FA /* VideoListInteractor.swift */,
				6511CA842B077B9C00D625FA /* VideoListRouter.swift */,
				65663B092B2346750003BDE2 /* VideoListContainer.swift */,
			);
			path = VideoListModule;
			sourceTree = "<group>";
		};
		65663AF32B21F9280003BDE2 /* MakeVideoModule */ = {
			isa = PBXGroup;
			children = (
				65663AF42B21F9460003BDE2 /* MakeVideoAssembler.swift */,
				65663AF62B21F9710003BDE2 /* MakeVideoViewController.swift */,
				65663AF82B21F97C0003BDE2 /* MakeVideoPresenter.swift */,
				65663AFA2B21F9860003BDE2 /* MakeVideoInteractor.swift */,
				65663B002B2201830003BDE2 /* MakeVideoRouter.swift */,
				65663B072B23466C0003BDE2 /* MakeVideoContainer.swift */,
			);
			path = MakeVideoModule;
			sourceTree = "<group>";
		};
		65663B022B2203CF0003BDE2 /* CameraService */ = {
			isa = PBXGroup;
			children = (
				65663B032B2203E00003BDE2 /* CameraService.swift */,
			);
			path = CameraService;
			sourceTree = "<group>";
		};
		65EBAF742B289C1A00FAF9CC /* Models */ = {
			isa = PBXGroup;
			children = (
				65EBAF722B289C0E00FAF9CC /* CameraRestrictionLevel.swift */,
			);
			path = Models;
			sourceTree = "<group>";
		};
/* End PBXGroup section */

/* Begin PBXNativeTarget section */
		6511CA3A2B075B0A00D625FA /* Camera */ = {
			isa = PBXNativeTarget;
			buildConfigurationList = 6511CA522B075B0C00D625FA /* Build configuration list for PBXNativeTarget "Camera" */;
			buildPhases = (
				6511CA372B075B0A00D625FA /* Sources */,
				6511CA382B075B0A00D625FA /* Frameworks */,
				6511CA392B075B0A00D625FA /* Resources */,
			);
			buildRules = (
			);
			dependencies = (
			);
			name = Camera;
			productName = Camera;
			productReference = 6511CA3B2B075B0A00D625FA /* Camera.app */;
			productType = "com.apple.product-type.application";
		};
/* End PBXNativeTarget section */

/* Begin PBXProject section */
		6511CA332B075B0A00D625FA /* Project object */ = {
			isa = PBXProject;
			attributes = {
				BuildIndependentTargetsInParallel = 1;
				LastSwiftUpdateCheck = 1500;
				LastUpgradeCheck = 1500;
				TargetAttributes = {
					6511CA3A2B075B0A00D625FA = {
						CreatedOnToolsVersion = 15.0;
					};
				};
			};
			buildConfigurationList = 6511CA362B075B0A00D625FA /* Build configuration list for PBXProject "Camera" */;
			compatibilityVersion = "Xcode 14.0";
			developmentRegion = en;
			hasScannedForEncodings = 0;
			knownRegions = (
				en,
				Base,
			);
			mainGroup = 6511CA322B075B0A00D625FA;
			productRefGroup = 6511CA3C2B075B0A00D625FA /* Products */;
			projectDirPath = "";
			projectRoot = "";
			targets = (
				6511CA3A2B075B0A00D625FA /* Camera */,
			);
		};
/* End PBXProject section */

/* Begin PBXResourcesBuildPhase section */
		6511CA392B075B0A00D625FA /* Resources */ = {
			isa = PBXResourcesBuildPhase;
			buildActionMask = 2147483647;
			files = (
				6511CA4E2B075B0C00D625FA /* LaunchScreen.storyboard in Resources */,
				6511CA4B2B075B0C00D625FA /* Assets.xcassets in Resources */,
			);
			runOnlyForDeploymentPostprocessing = 0;
		};
/* End PBXResourcesBuildPhase section */

/* Begin PBXSourcesBuildPhase section */
		6511CA372B075B0A00D625FA /* Sources */ = {
			isa = PBXSourcesBuildPhase;
			buildActionMask = 2147483647;
			files = (
				6511CA632B075DC300D625FA /* DataServices.swift in Sources */,
				6511CA492B075B0A00D625FA /* Camera.xcdatamodeld in Sources */,
				65663B042B2203E00003BDE2 /* CameraService.swift in Sources */,
				65663B012B2201830003BDE2 /* MakeVideoRouter.swift in Sources */,
				6511CA7D2B077AE000D625FA /* VideoListAssembler.swift in Sources */,
				6511CA642B075DC300D625FA /* DataRequestFactory.swift in Sources */,
				65663AF52B21F9460003BDE2 /* MakeVideoAssembler.swift in Sources */,
				6511CA832B077B8D00D625FA /* VideoListInteractor.swift in Sources */,
				65663AFF2B21FAAF0003BDE2 /* DIContainer.swift in Sources */,
				6511CA7B2B077AD100D625FA /* VideoListViewController.swift in Sources */,
				6511CA722B075F2E00D625FA /* Logger.swift in Sources */,
				6511CA6C2B075DC300D625FA /* DataRequest.swift in Sources */,
				65663AF92B21F97C0003BDE2 /* MakeVideoPresenter.swift in Sources */,
				6511CA742B075F3D00D625FA /* GlobalConfiguration.swift in Sources */,
				65663B082B23466C0003BDE2 /* MakeVideoContainer.swift in Sources */,
				6511CA662B075DC300D625FA /* _exampleRequest.swift in Sources */,
				6511CA3F2B075B0A00D625FA /* AppDelegate.swift in Sources */,
				65663B0A2B2346750003BDE2 /* VideoListContainer.swift in Sources */,
				6511CA852B077B9C00D625FA /* VideoListRouter.swift in Sources */,
				65663B062B23324D0003BDE2 /* ModuleFactory.swift in Sources */,
				65EBAF732B289C0E00FAF9CC /* CameraRestrictionLevel.swift in Sources */,
				6511CA6F2B075EB100D625FA /* DataServiceError.swift in Sources */,
				6511CA772B0762EA00D625FA /* NetworkService.swift in Sources */,
				65663AF72B21F9710003BDE2 /* MakeVideoViewController.swift in Sources */,
				65663AFB2B21F9860003BDE2 /* MakeVideoInteractor.swift in Sources */,
				6511CA7F2B077B0500D625FA /* Common.swift in Sources */,
				6511CA812B077B7C00D625FA /* VideoListPresenter.swift in Sources */,
				6511CA412B075B0A00D625FA /* SceneDelegate.swift in Sources */,
			);
			runOnlyForDeploymentPostprocessing = 0;
		};
/* End PBXSourcesBuildPhase section */

/* Begin PBXVariantGroup section */
		6511CA4C2B075B0C00D625FA /* LaunchScreen.storyboard */ = {
			isa = PBXVariantGroup;
			children = (
				6511CA4D2B075B0C00D625FA /* Base */,
			);
			name = LaunchScreen.storyboard;
			sourceTree = "<group>";
		};
/* End PBXVariantGroup section */

/* Begin XCBuildConfiguration section */
		6511CA502B075B0C00D625FA /* Debug */ = {
			isa = XCBuildConfiguration;
			buildSettings = {
				ALWAYS_SEARCH_USER_PATHS = NO;
				ASSETCATALOG_COMPILER_GENERATE_SWIFT_ASSET_SYMBOL_EXTENSIONS = YES;
				CLANG_ANALYZER_NONNULL = YES;
				CLANG_ANALYZER_NUMBER_OBJECT_CONVERSION = YES_AGGRESSIVE;
				CLANG_CXX_LANGUAGE_STANDARD = "gnu++20";
				CLANG_ENABLE_MODULES = YES;
				CLANG_ENABLE_OBJC_ARC = YES;
				CLANG_ENABLE_OBJC_WEAK = YES;
				CLANG_WARN_BLOCK_CAPTURE_AUTORELEASING = YES;
				CLANG_WARN_BOOL_CONVERSION = YES;
				CLANG_WARN_COMMA = YES;
				CLANG_WARN_CONSTANT_CONVERSION = YES;
				CLANG_WARN_DEPRECATED_OBJC_IMPLEMENTATIONS = YES;
				CLANG_WARN_DIRECT_OBJC_ISA_USAGE = YES_ERROR;
				CLANG_WARN_DOCUMENTATION_COMMENTS = YES;
				CLANG_WARN_EMPTY_BODY = YES;
				CLANG_WARN_ENUM_CONVERSION = YES;
				CLANG_WARN_INFINITE_RECURSION = YES;
				CLANG_WARN_INT_CONVERSION = YES;
				CLANG_WARN_NON_LITERAL_NULL_CONVERSION = YES;
				CLANG_WARN_OBJC_IMPLICIT_RETAIN_SELF = YES;
				CLANG_WARN_OBJC_LITERAL_CONVERSION = YES;
				CLANG_WARN_OBJC_ROOT_CLASS = YES_ERROR;
				CLANG_WARN_QUOTED_INCLUDE_IN_FRAMEWORK_HEADER = YES;
				CLANG_WARN_RANGE_LOOP_ANALYSIS = YES;
				CLANG_WARN_STRICT_PROTOTYPES = YES;
				CLANG_WARN_SUSPICIOUS_MOVE = YES;
				CLANG_WARN_UNGUARDED_AVAILABILITY = YES_AGGRESSIVE;
				CLANG_WARN_UNREACHABLE_CODE = YES;
				CLANG_WARN__DUPLICATE_METHOD_MATCH = YES;
				COPY_PHASE_STRIP = NO;
				DEBUG_INFORMATION_FORMAT = dwarf;
				ENABLE_STRICT_OBJC_MSGSEND = YES;
				ENABLE_TESTABILITY = YES;
				ENABLE_USER_SCRIPT_SANDBOXING = YES;
				GCC_C_LANGUAGE_STANDARD = gnu17;
				GCC_DYNAMIC_NO_PIC = NO;
				GCC_NO_COMMON_BLOCKS = YES;
				GCC_OPTIMIZATION_LEVEL = 0;
				GCC_PREPROCESSOR_DEFINITIONS = (
					"DEBUG=1",
					"$(inherited)",
				);
				GCC_WARN_64_TO_32_BIT_CONVERSION = YES;
				GCC_WARN_ABOUT_RETURN_TYPE = YES_ERROR;
				GCC_WARN_UNDECLARED_SELECTOR = YES;
				GCC_WARN_UNINITIALIZED_AUTOS = YES_AGGRESSIVE;
				GCC_WARN_UNUSED_FUNCTION = YES;
				GCC_WARN_UNUSED_VARIABLE = YES;
				IPHONEOS_DEPLOYMENT_TARGET = 17.0;
				LOCALIZATION_PREFERS_STRING_CATALOGS = YES;
				MTL_ENABLE_DEBUG_INFO = INCLUDE_SOURCE;
				MTL_FAST_MATH = YES;
				ONLY_ACTIVE_ARCH = YES;
				SDKROOT = iphoneos;
				SWIFT_ACTIVE_COMPILATION_CONDITIONS = "DEBUG $(inherited)";
				SWIFT_OPTIMIZATION_LEVEL = "-Onone";
			};
			name = Debug;
		};
		6511CA512B075B0C00D625FA /* Release */ = {
			isa = XCBuildConfiguration;
			buildSettings = {
				ALWAYS_SEARCH_USER_PATHS = NO;
				ASSETCATALOG_COMPILER_GENERATE_SWIFT_ASSET_SYMBOL_EXTENSIONS = YES;
				CLANG_ANALYZER_NONNULL = YES;
				CLANG_ANALYZER_NUMBER_OBJECT_CONVERSION = YES_AGGRESSIVE;
				CLANG_CXX_LANGUAGE_STANDARD = "gnu++20";
				CLANG_ENABLE_MODULES = YES;
				CLANG_ENABLE_OBJC_ARC = YES;
				CLANG_ENABLE_OBJC_WEAK = YES;
				CLANG_WARN_BLOCK_CAPTURE_AUTORELEASING = YES;
				CLANG_WARN_BOOL_CONVERSION = YES;
				CLANG_WARN_COMMA = YES;
				CLANG_WARN_CONSTANT_CONVERSION = YES;
				CLANG_WARN_DEPRECATED_OBJC_IMPLEMENTATIONS = YES;
				CLANG_WARN_DIRECT_OBJC_ISA_USAGE = YES_ERROR;
				CLANG_WARN_DOCUMENTATION_COMMENTS = YES;
				CLANG_WARN_EMPTY_BODY = YES;
				CLANG_WARN_ENUM_CONVERSION = YES;
				CLANG_WARN_INFINITE_RECURSION = YES;
				CLANG_WARN_INT_CONVERSION = YES;
				CLANG_WARN_NON_LITERAL_NULL_CONVERSION = YES;
				CLANG_WARN_OBJC_IMPLICIT_RETAIN_SELF = YES;
				CLANG_WARN_OBJC_LITERAL_CONVERSION = YES;
				CLANG_WARN_OBJC_ROOT_CLASS = YES_ERROR;
				CLANG_WARN_QUOTED_INCLUDE_IN_FRAMEWORK_HEADER = YES;
				CLANG_WARN_RANGE_LOOP_ANALYSIS = YES;
				CLANG_WARN_STRICT_PROTOTYPES = YES;
				CLANG_WARN_SUSPICIOUS_MOVE = YES;
				CLANG_WARN_UNGUARDED_AVAILABILITY = YES_AGGRESSIVE;
				CLANG_WARN_UNREACHABLE_CODE = YES;
				CLANG_WARN__DUPLICATE_METHOD_MATCH = YES;
				COPY_PHASE_STRIP = NO;
				DEBUG_INFORMATION_FORMAT = "dwarf-with-dsym";
				ENABLE_NS_ASSERTIONS = NO;
				ENABLE_STRICT_OBJC_MSGSEND = YES;
				ENABLE_USER_SCRIPT_SANDBOXING = YES;
				GCC_C_LANGUAGE_STANDARD = gnu17;
				GCC_NO_COMMON_BLOCKS = YES;
				GCC_WARN_64_TO_32_BIT_CONVERSION = YES;
				GCC_WARN_ABOUT_RETURN_TYPE = YES_ERROR;
				GCC_WARN_UNDECLARED_SELECTOR = YES;
				GCC_WARN_UNINITIALIZED_AUTOS = YES_AGGRESSIVE;
				GCC_WARN_UNUSED_FUNCTION = YES;
				GCC_WARN_UNUSED_VARIABLE = YES;
				IPHONEOS_DEPLOYMENT_TARGET = 17.0;
				LOCALIZATION_PREFERS_STRING_CATALOGS = YES;
				MTL_ENABLE_DEBUG_INFO = NO;
				MTL_FAST_MATH = YES;
				SDKROOT = iphoneos;
				SWIFT_COMPILATION_MODE = wholemodule;
				VALIDATE_PRODUCT = YES;
			};
			name = Release;
		};
		6511CA532B075B0C00D625FA /* Debug */ = {
			isa = XCBuildConfiguration;
			buildSettings = {
				ASSETCATALOG_COMPILER_APPICON_NAME = AppIcon;
				ASSETCATALOG_COMPILER_GLOBAL_ACCENT_COLOR_NAME = AccentColor;
				CODE_SIGN_STYLE = Automatic;
				CURRENT_PROJECT_VERSION = 1;
				DEVELOPMENT_TEAM = 34E923QGF6;
				GENERATE_INFOPLIST_FILE = YES;
				INFOPLIST_FILE = Camera/Info.plist;
				INFOPLIST_KEY_NSCameraUsageDescription = "Create video content";
				INFOPLIST_KEY_UIApplicationSupportsIndirectInputEvents = YES;
				INFOPLIST_KEY_UILaunchStoryboardName = LaunchScreen;
				INFOPLIST_KEY_UISupportedInterfaceOrientations_iPad = "UIInterfaceOrientationPortrait UIInterfaceOrientationPortraitUpsideDown UIInterfaceOrientationLandscapeLeft UIInterfaceOrientationLandscapeRight";
				INFOPLIST_KEY_UISupportedInterfaceOrientations_iPhone = "UIInterfaceOrientationPortrait UIInterfaceOrientationLandscapeLeft UIInterfaceOrientationLandscapeRight";
				LD_RUNPATH_SEARCH_PATHS = (
					"$(inherited)",
					"@executable_path/Frameworks",
				);
				MARKETING_VERSION = 1.0;
				PRODUCT_BUNDLE_IDENTIFIER = ru.swiftme.Camera;
				PRODUCT_NAME = "$(TARGET_NAME)";
				SWIFT_EMIT_LOC_STRINGS = YES;
				SWIFT_VERSION = 5.0;
				TARGETED_DEVICE_FAMILY = "1,2";
			};
			name = Debug;
		};
		6511CA542B075B0C00D625FA /* Release */ = {
			isa = XCBuildConfiguration;
			buildSettings = {
				ASSETCATALOG_COMPILER_APPICON_NAME = AppIcon;
				ASSETCATALOG_COMPILER_GLOBAL_ACCENT_COLOR_NAME = AccentColor;
				CODE_SIGN_STYLE = Automatic;
				CURRENT_PROJECT_VERSION = 1;
				DEVELOPMENT_TEAM = 34E923QGF6;
				GENERATE_INFOPLIST_FILE = YES;
				INFOPLIST_FILE = Camera/Info.plist;
				INFOPLIST_KEY_NSCameraUsageDescription = "Create video content";
				INFOPLIST_KEY_UIApplicationSupportsIndirectInputEvents = YES;
				INFOPLIST_KEY_UILaunchStoryboardName = LaunchScreen;
				INFOPLIST_KEY_UISupportedInterfaceOrientations_iPad = "UIInterfaceOrientationPortrait UIInterfaceOrientationPortraitUpsideDown UIInterfaceOrientationLandscapeLeft UIInterfaceOrientationLandscapeRight";
				INFOPLIST_KEY_UISupportedInterfaceOrientations_iPhone = "UIInterfaceOrientationPortrait UIInterfaceOrientationLandscapeLeft UIInterfaceOrientationLandscapeRight";
				LD_RUNPATH_SEARCH_PATHS = (
					"$(inherited)",
					"@executable_path/Frameworks",
				);
				MARKETING_VERSION = 1.0;
				PRODUCT_BUNDLE_IDENTIFIER = ru.swiftme.Camera;
				PRODUCT_NAME = "$(TARGET_NAME)";
				SWIFT_EMIT_LOC_STRINGS = YES;
				SWIFT_VERSION = 5.0;
				TARGETED_DEVICE_FAMILY = "1,2";
			};
			name = Release;
		};
/* End XCBuildConfiguration section */

/* Begin XCConfigurationList section */
		6511CA362B075B0A00D625FA /* Build configuration list for PBXProject "Camera" */ = {
			isa = XCConfigurationList;
			buildConfigurations = (
				6511CA502B075B0C00D625FA /* Debug */,
				6511CA512B075B0C00D625FA /* Release */,
			);
			defaultConfigurationIsVisible = 0;
			defaultConfigurationName = Release;
		};
		6511CA522B075B0C00D625FA /* Build configuration list for PBXNativeTarget "Camera" */ = {
			isa = XCConfigurationList;
			buildConfigurations = (
				6511CA532B075B0C00D625FA /* Debug */,
				6511CA542B075B0C00D625FA /* Release */,
			);
			defaultConfigurationIsVisible = 0;
			defaultConfigurationName = Release;
		};
/* End XCConfigurationList section */

/* Begin XCVersionGroup section */
		6511CA472B075B0A00D625FA /* Camera.xcdatamodeld */ = {
			isa = XCVersionGroup;
			children = (
				6511CA482B075B0A00D625FA /* Camera.xcdatamodel */,
			);
			currentVersion = 6511CA482B075B0A00D625FA /* Camera.xcdatamodel */;
			path = Camera.xcdatamodeld;
			sourceTree = "<group>";
			versionGroupType = wrapper.xcdatamodel;
		};
/* End XCVersionGroup section */
	};
	rootObject = 6511CA332B075B0A00D625FA /* Project object */;
}
